
Microsoft Visual Studio Solution File, Format Version 11.00
# Visual Studio 2010
Project("{FAE04EC0-301F-11D3-BF4B-00C04F79EFBC}") = "AstarPathfindingProject", "AstarPathfindingProject.csproj", "{07892da2-35fd-feef-cb79-e03922d9af1e}"
EndProject
Project("{FAE04EC0-301F-11D3-BF4B-00C04F79EFBC}") = "Assembly-CSharp", "Assembly-CSharp.csproj", "{f5586bcb-ed98-7b1c-fedd-b449530d0f57}"
EndProject
Project("{FAE04EC0-301F-11D3-BF4B-00C04F79EFBC}") = "AstarPathfindingProjectEditor", "AstarPathfindingProjectEditor.csproj", "{9871d64c-64e6-2b69-5be1-14449a8f0fc1}"
EndProject
Project("{FAE04EC0-301F-11D3-BF4B-00C04F79EFBC}") = "PackageToolsEditor", "PackageToolsEditor.csproj", "{8dfedd15-3d66-beb5-ff78-76a1483301f4}"
EndProject
Global
	GlobalSection(SolutionConfigurationPlatforms) = preSolution
		Debug|Any CPU = Debug|Any CPU
	EndGlobalSection
	GlobalSection(ProjectConfigurationPlatforms) = postSolution
		{07892da2-35fd-feef-cb79-e03922d9af1e}.Debug|Any CPU.ActiveCfg = Debug|Any CPU
		{07892da2-35fd-feef-cb79-e03922d9af1e}.Debug|Any CPU.Build.0 = Debug|Any CPU
		{f5586bcb-ed98-7b1c-fedd-b449530d0f57}.Debug|Any CPU.ActiveCfg = Debug|Any CPU
		{f5586bcb-ed98-7b1c-fedd-b449530d0f57}.Debug|Any CPU.Build.0 = Debug|Any CPU
		{9871d64c-64e6-2b69-5be1-14449a8f0fc1}.Debug|Any CPU.ActiveCfg = Debug|Any CPU
		{9871d64c-64e6-2b69-5be1-14449a8f0fc1}.Debug|Any CPU.Build.0 = Debug|Any CPU
		{8dfedd15-3d66-beb5-ff78-76a1483301f4}.Debug|Any CPU.ActiveCfg = Debug|Any CPU
		{8dfedd15-3d66-beb5-ff78-76a1483301f4}.Debug|Any CPU.Build.0 = Debug|Any CPU
	EndGlobalSection
	GlobalSection(SolutionProperties) = preSolution
		HideSolutionNode = FALSE
	EndGlobalSection
EndGlobal
